// !$*UTF8*$!
{
	archiveVersion = 1;
	classes = {
	};
	objectVersion = 56;
	objects = {

/* Begin PBXBuildFile section */
		D734BD412F7DF5610018DCB2 /* faw2App.swift in Sources */ = {isa = PBXBuildFile; fileRef = D734BD402F7DF5610018DCB2 /* faw2App.swift */; };
		D734BD432F7DF5610018DCB2 /* ContentView.swift in Sources */ = {isa = PBXBuildFile; fileRef = D734BD422F7DF5610018DCB2 /* ContentView.swift */; };
		D734BD452F7DF5720018DCB2 /* Assets.xcassets in Resources */ = {isa = PBXBuildFile; fileRef = D734BD442F7DF5720018DCB2 /* Assets.xcassets */; };
		D734BD482F7DF5720018DCB2 /* Preview Assets.xcassets in Resources */ = {isa = PBXBuildFile; fileRef = D734BD472F7DF5720018DCB2 /* Preview Assets.xcassets */; };
		D734BD522F7DF5720018DCB2 /* faw2Tests.swift in Sources */ = {isa = PBXBuildFile; fileRef = D734BD512F7DF5720018DCB2 /* faw2Tests.swift */; };
		D734BD5C2F7DF5720018DCB2 /* faw2UITests.swift in Sources */ = {isa = PBXBuildFile; fileRef = D734BD5B2F7DF5720018DCB2 /* faw2UITests.swift */; };
		D734BD5E2F7DF5720018DCB2 /* faw2UITestsLaunchTests.swift in Sources */ = {isa = PBXBuildFile; fileRef = D734BD5D2F7DF5720018DCB2 /* faw2UITestsLaunchTests.swift */; };
		D734BD6B2F7DFD410018DCB2 /* Todo.swift in Sources */ = {isa = PBXBuildFile; fileRef = D734BD6A2F7DFD410018DCB2 /* Todo.swift */; };
		D75F4B9B2F8FB91A00B480AA /* FirebaseFirestore in Frameworks */ = {isa = PBXBuildFile; productRef = D75F4B9A2F8FB91A00B480AA /* FirebaseFirestore */; };
		D7CCC3CC2F8FB21F00A90116 /* GoogleService-Info.plist in Resources */ = {isa = PBXBuildFile; fileRef = D7CCC3CB2F8FB21E00A90116 /* GoogleService-Info.plist */; };
/* End PBXBuildFile section */

/* Begin PBXContainerItemProxy section */
		D734BD4E2F7DF5720018DCB2 /* PBXContainerItemProxy */ = {
			isa = PBXContainerItemProxy;
			containerPortal = D734BD352F7DF5610018DCB2 /* Project object */;
			proxyType = 1;
			remoteGlobalIDString = D734BD3C2F7DF5610018DCB2;
			remoteInfo = faw2;
		};
		D734BD582F7DF5720018DCB2 /* PBXContainerItemProxy */ = {
			isa = PBXContainerItemProxy;
			containerPortal = D734BD352F7DF5610018DCB2 /* Project object */;
			proxyType = 1;
			remoteGlobalIDString = D734BD3C2F7DF5610018DCB2;
			remoteInfo = faw2;
		};
/* End PBXContainerItemProxy section */

/* Begin PBXFileReference section */
		D734BD3D2F7DF5610018DCB2 /* faw2.app */ = {isa = PBXFileReference; explicitFileType = wrapper.application; includeInIndex = 0; path = faw2.app; sourceTree = BUILT_PRODUCTS_DIR; };
		D734BD402F7DF5610018DCB2 /* faw2App.swift */ = {isa = PBXFileReference; lastKnownFileType = sourcecode.swift; path = faw2App.swift; sourceTree = "<group>"; };
		D734BD422F7DF5610018DCB2 /* ContentView.swift */ = {isa = PBXFileReference; lastKnownFileType = sourcecode.swift; path = ContentView.swift; sourceTree = "<group>"; };
		D734BD442F7DF5720018DCB2 /* Assets.xcassets */ = {isa = PBXFileReference; lastKnownFileType = folder.assetcatalog; path = Assets.xcassets; sourceTree = "<group>"; };
		D734BD472F7DF5720018DCB2 /* Preview Assets.xcassets */ = {isa = PBXFileReference; lastKnownFileType = folder.assetcatalog; path = "Preview Assets.xcassets"; sourceTree = "<group>"; };
		D734BD4D2F7DF5720018DCB2 /* faw2Tests.xctest */ = {isa = PBXFileReference; explicitFileType = wrapper.cfbundle; includeInIndex = 0; path = faw2Tests.xctest; sourceTree = BUILT_PRODUCTS_DIR; };
		D734BD512F7DF5720018DCB2 /* faw2Tests.swift */ = {isa = PBXFileReference; lastKnownFileType = sourcecode.swift; path = faw2Tests.swift; sourceTree = "<group>"; };
		D734BD572F7DF5720018DCB2 /* faw2UITests.xctest */ = {isa = PBXFileReference; explicitFileType = wrapper.cfbundle; includeInIndex = 0; path = faw2UITests.xctest; sourceTree = BUILT_PRODUCTS_DIR; };
		D734BD5B2F7DF5720018DCB2 /* faw2UITests.swift */ = {isa = PBXFileReference; lastKnownFileType = sourcecode.swift; path = faw2UITests.swift; sourceTree = "<group>"; };
		D734BD5D2F7DF5720018DCB2 /* faw2UITestsLaunchTests.swift */ = {isa = PBXFileReference; lastKnownFileType = sourcecode.swift; path = faw2UITestsLaunchTests.swift; sourceTree = "<group>"; };
		D734BD6A2F7DFD410018DCB2 /* Todo.swift */ = {isa = PBXFileReference; lastKnownFileType = sourcecode.swift; path = Todo.swift; sourceTree = "<group>"; };
		D7CCC3CB2F8FB21E00A90116 /* GoogleService-Info.plist */ = {isa = PBXFileReference; fileEncoding = 4; lastKnownFileType = text.plist.xml; name = "GoogleService-Info.plist"; path = "../../../Downloads/GoogleService-Info.plist"; sourceTree = "<group>"; };
/* End PBXFileReference section */

/* Begin PBXFrameworksBuildPhase section */
		D734BD3A2F7DF5610018DCB2 /* Frameworks */ = {
			isa = PBXFrameworksBuildPhase;
			buildActionMask = 2147483647;
			files = (
				D75F4B9B2F8FB91A00B480AA /* FirebaseFirestore in Frameworks */,
			);
			runOnlyForDeploymentPostprocessing = 0;
		};
		D734BD4A2F7DF5720018DCB2 /* Frameworks */ = {
			isa = PBXFrameworksBuildPhase;
			buildActionMask = 2147483647;
			files = (
			);
			runOnlyForDeploymentPostprocessing = 0;
		};
		D734BD542F7DF5720018DCB2 /* Frameworks */ = {
			isa = PBXFrameworksBuildPhase;
			buildActionMask = 2147483647;
			files = (
			);
			runOnlyForDeploymentPostprocessing = 0;
		};
/* End PBXFrameworksBuildPhase section */

/* Begin PBXGroup section */
		D734BD342F7DF5610018DCB2 = {
			isa = PBXGroup;
			children = (
				D734BD3F2F7DF5610018DCB2 /* faw2 */,
				D734BD502F7DF5720018DCB2 /* faw2Tests */,
				D734BD5A2F7DF5720018DCB2 /* faw2UITests */,
				D734BD3E2F7DF5610018DCB2 /* Products */,
				D7CCC3CD2F8FB6E900A90116 /* Frameworks */,
			);
			sourceTree = "<group>";
		};
		D734BD3E2F7DF5610018DCB2 /* Products */ = {
			isa = PBXGroup;
			children = (
				D734BD3D2F7DF5610018DCB2 /* faw2.app */,
				D734BD4D2F7DF5720018DCB2 /* faw2Tests.xctest */,
				D734BD572F7DF5720018DCB2 /* faw2UITests.xctest */,
			);
			name = Products;
			sourceTree = "<group>";
		};
		D734BD3F2F7DF5610018DCB2 /* faw2 */ = {
			isa = PBXGroup;
			children = (
				D7CCC3CB2F8FB21E00A90116 /* GoogleService-Info.plist */,
				D734BD6A2F7DFD410018DCB2 /* Todo.swift */,
				D734BD402F7DF5610018DCB2 /* faw2App.swift */,
				D734BD422F7DF5610018DCB2 /* ContentView.swift */,
				D734BD442F7DF5720018DCB2 /* Assets.xcassets */,
				D734BD462F7DF5720018DCB2 /* Preview Content */,
			);
			path = faw2;
			sourceTree = "<group>";
		};
		D734BD462F7DF5720018DCB2 /* Preview Content */ = {
			isa = PBXGroup;
			children = (
				D734BD472F7DF5720018DCB2 /* Preview Assets.xcassets */,
			);
			path = "Preview Content";
			sourceTree = "<group>";
		};
		D734BD502F7DF5720018DCB2 /* faw2Tests */ = {
			isa = PBXGroup;
			children = (
				D734BD512F7DF5720018DCB2 /* faw2Tests.swift */,
			);
			path = faw2Tests;
			sourceTree = "<group>";
		};
		D734BD5A2F7DF5720018DCB2 /* faw2UITests */ = {
			isa = PBXGroup;
			children = (
				D734BD5B2F7DF5720018DCB2 /* faw2UITests.swift */,
				D734BD5D2F7DF5720018DCB2 /* faw2UITestsLaunchTests.swift */,
			);
			path = faw2UITests;
			sourceTree = "<group>";
		};
		D7CCC3CD2F8FB6E900A90116 /* Frameworks */ = {
			isa = PBXGroup;
			children = (
			);
			name = Frameworks;
			sourceTree = "<group>";
		};
/* End PBXGroup section */

/* Begin PBXNativeTarget section */
		D734BD3C2F7DF5610018DCB2 /* faw2 */ = {
			isa = PBXNativeTarget;
			buildConfigurationList = D734BD612F7DF5720018DCB2 /* Build configuration list for PBXNativeTarget "faw2" */;
			buildPhases = (
				D734BD392F7DF5610018DCB2 /* Sources */,
				D734BD3A2F7DF5610018DCB2 /* Frameworks */,
				D734BD3B2F7DF5610018DCB2 /* Resources */,
			);
			buildRules = (
			);
			dependencies = (
			);
			name = faw2;
			packageProductDependencies = (
				D75F4B9A2F8FB91A00B480AA /* FirebaseFirestore */,
			);
			productName = faw2;
			productReference = D734BD3D2F7DF5610018DCB2 /* faw2.app */;
			productType = "com.apple.product-type.application";
		};
		D734BD4C2F7DF5720018DCB2 /* faw2Tests */ = {
			isa = PBXNativeTarget;
			buildConfigurationList = D734BD642F7DF5720018DCB2 /* Build configuration list for PBXNativeTarget "faw2Tests" */;
			buildPhases = (
				D734BD492F7DF5720018DCB2 /* Sources */,
				D734BD4A2F7DF5720018DCB2 /* Frameworks */,
				D734BD4B2F7DF5720018DCB2 /* Resources */,
			);
			buildRules = (
			);
			dependencies = (
				D734BD4F2F7DF5720018DCB2 /* PBXTargetDependency */,
			);
			name = faw2Tests;
			productName = faw2Tests;
			productReference = D734BD4D2F7DF5720018DCB2 /* faw2Tests.xctest */;
			productType = "com.apple.product-type.bundle.unit-test";
		};
		D734BD562F7DF5720018DCB2 /* faw2UITests */ = {
			isa = PBXNativeTarget;
			buildConfigurationList = D734BD672F7DF5720018DCB2 /* Build configuration list for PBXNativeTarget "faw2UITests" */;
			buildPhases = (
				D734BD532F7DF5720018DCB2 /* Sources */,
				D734BD542F7DF5720018DCB2 /* Frameworks */,
				D734BD552F7DF5720018DCB2 /* Resources */,
			);
			buildRules = (
			);
			dependencies = (
				D734BD592F7DF5720018DCB2 /* PBXTargetDependency */,
			);
			name = faw2UITests;
			productName = faw2UITests;
			productReference = D734BD572F7DF5720018DCB2 /* faw2UITests.xctest */;
			productType = "com.apple.product-type.bundle.ui-testing";
		};
/* End PBXNativeTarget section */

/* Begin PBXProject section */
		D734BD352F7DF5610018DCB2 /* Project object */ = {
			isa = PBXProject;
			attributes = {
				BuildIndependentTargetsInParallel = 1;
				LastSwiftUpdateCheck = 1430;
				LastUpgradeCheck = 1430;
				TargetAttributes = {
					D734BD3C2F7DF5610018DCB2 = {
						CreatedOnToolsVersion = 14.3.1;
					};
					D734BD4C2F7DF5720018DCB2 = {
						CreatedOnToolsVersion = 14.3.1;
						TestTargetID = D734BD3C2F7DF5610018DCB2;
					};
					D734BD562F7DF5720018DCB2 = {
						CreatedOnToolsVersion = 14.3.1;
						TestTargetID = D734BD3C2F7DF5610018DCB2;
					};
				};
			};
			buildConfigurationList = D734BD382F7DF5610018DCB2 /* Build configuration list for PBXProject "faw2" */;
			compatibilityVersion = "Xcode 14.0";
			developmentRegion = en;
			hasScannedForEncodings = 0;
			knownRegions = (
				en,
				Base,
			);
			mainGroup = D734BD342F7DF5610018DCB2;
			packageReferences = (
				D75F4B992F8FB91A00B480AA /* XCRemoteSwiftPackageReference "firebase-ios-sdk" */,
			);
			productRefGroup = D734BD3E2F7DF5610018DCB2 /* Products */;
			projectDirPath = "";
			projectRoot = "";
			targets = (
				D734BD3C2F7DF5610018DCB2 /* faw2 */,
				D734BD4C2F7DF5720018DCB2 /* faw2Tests */,
				D734BD562F7DF5720018DCB2 /* faw2UITests */,
			);
		};
/* End PBXProject section */

/* Begin PBXResourcesBuildPhase section */
		D734BD3B2F7DF5610018DCB2 /* Resources */ = {
			isa = PBXResourcesBuildPhase;
			buildActionMask = 2147483647;
			files = (
				D734BD482F7DF5720018DCB2 /* Preview Assets.xcassets in Resources */,
				D734BD452F7DF5720018DCB2 /* Assets.xcassets in Resources */,
				D7CCC3CC2F8FB21F00A90116 /* GoogleService-Info.plist in Resources */,
			);
			runOnlyForDeploymentPostprocessing = 0;
		};
		D734BD4B2F7DF5720018DCB2 /* Resources */ = {
			isa = PBXResourcesBuildPhase;
			buildActionMask = 2147483647;
			files = (
			);
			runOnlyForDeploymentPostprocessing = 0;
		};
		D734BD552F7DF5720018DCB2 /* Resources */ = {
			isa = PBXResourcesBuildPhase;
			buildActionMask = 2147483647;
			files = (
			);
			runOnlyForDeploymentPostprocessing = 0;
		};
/* End PBXResourcesBuildPhase section */

/* Begin PBXSourcesBuildPhase section */
		D734BD392F7DF5610018DCB2 /* Sources */ = {
			isa = PBXSourcesBuildPhase;
			buildActionMask = 2147483647;
			files = (
				D734BD432F7DF5610018DCB2 /* ContentView.swift in Sources */,
				D734BD6B2F7DFD410018DCB2 /* Todo.swift in Sources */,
				D734BD412F7DF5610018DCB2 /* faw2App.swift in Sources */,
			);
			runOnlyForDeploymentPostprocessing = 0;
		};
		D734BD492F7DF5720018DCB2 /* Sources */ = {
			isa = PBXSourcesBuildPhase;
			buildActionMask = 2147483647;
			files = (
				D734BD522F7DF5720018DCB2 /* faw2Tests.swift in Sources */,
			);
			runOnlyForDeploymentPostprocessing = 0;
		};
		D734BD532F7DF5720018DCB2 /* Sources */ = {
			isa = PBXSourcesBuildPhase;
			buildActionMask = 2147483647;
			files = (
				D734BD5E2F7DF5720018DCB2 /* faw2UITestsLaunchTests.swift in Sources */,
				D734BD5C2F7DF5720018DCB2 /* faw2UITests.swift in Sources */,
			);
			runOnlyForDeploymentPostprocessing = 0;
		};
/* End PBXSourcesBuildPhase section */

/* Begin PBXTargetDependency section */
		D734BD4F2F7DF5720018DCB2 /* PBXTargetDependency */ = {
			isa = PBXTargetDependency;
			target = D734BD3C2F7DF5610018DCB2 /* faw2 */;
			targetProxy = D734BD4E2F7DF5720018DCB2 /* PBXContainerItemProxy */;
		};
		D734BD592F7DF5720018DCB2 /* PBXTargetDependency */ = {
			isa = PBXTargetDependency;
			target = D734BD3C2F7DF5610018DCB2 /* faw2 */;
			targetProxy = D734BD582F7DF5720018DCB2 /* PBXContainerItemProxy */;
		};
/* End PBXTargetDependency section */

/* Begin XCBuildConfiguration section */
		D734BD5F2F7DF5720018DCB2 /* Debug */ = {
			isa = XCBuildConfiguration;
			buildSettings = {
				ALWAYS_SEARCH_USER_PATHS = NO;
				CLANG_ANALYZER_NONNULL = YES;
				CLANG_ANALYZER_NUMBER_OBJECT_CONVERSION = YES_AGGRESSIVE;
				CLANG_CXX_LANGUAGE_STANDARD = "gnu++20";
				CLANG_ENABLE_MODULES = YES;
				CLANG_ENABLE_OBJC_ARC = YES;
				CLANG_ENABLE_OBJC_WEAK = YES;
				CLANG_WARN_BLOCK_CAPTURE_AUTORELEASING = YES;
				CLANG_WARN_BOOL_CONVERSION = YES;
				CLANG_WARN_COMMA = YES;
				CLANG_WARN_CONSTANT_CONVERSION = YES;
				CLANG_WARN_DEPRECATED_OBJC_IMPLEMENTATIONS = YES;
				CLANG_WARN_DIRECT_OBJC_ISA_USAGE = YES_ERROR;
				CLANG_WARN_DOCUMENTATION_COMMENTS = YES;
				CLANG_WARN_EMPTY_BODY = YES;
				CLANG_WARN_ENUM_CONVERSION = YES;
				CLANG_WARN_INFINITE_RECURSION = YES;
				CLANG_WARN_INT_CONVERSION = YES;
				CLANG_WARN_NON_LITERAL_NULL_CONVERSION = YES;
				CLANG_WARN_OBJC_IMPLICIT_RETAIN_SELF = YES;
				CLANG_WARN_OBJC_LITERAL_CONVERSION = YES;
				CLANG_WARN_OBJC_ROOT_CLASS = YES_ERROR;
				CLANG_WARN_QUOTED_INCLUDE_IN_FRAMEWORK_HEADER = YES;
				CLANG_WARN_RANGE_LOOP_ANALYSIS = YES;
				CLANG_WARN_STRICT_PROTOTYPES = YES;
				CLANG_WARN_SUSPICIOUS_MOVE = YES;
				CLANG_WARN_UNGUARDED_AVAILABILITY = YES_AGGRESSIVE;
				CLANG_WARN_UNREACHABLE_CODE = YES;
				CLANG_WARN__DUPLICATE_METHOD_MATCH = YES;
				COPY_PHASE_STRIP = NO;
				DEBUG_INFORMATION_FORMAT = dwarf;
				ENABLE_STRICT_OBJC_MSGSEND = YES;
				ENABLE_TESTABILITY = YES;
				GCC_C_LANGUAGE_STANDARD = gnu11;
				GCC_DYNAMIC_NO_PIC = NO;
				GCC_NO_COMMON_BLOCKS = YES;
				GCC_OPTIMIZATION_LEVEL = 0;
				GCC_PREPROCESSOR_DEFINITIONS = (
					"DEBUG=1",
					"$(inherited)",
				);
				GCC_WARN_64_TO_32_BIT_CONVERSION = YES;
				GCC_WARN_ABOUT_RETURN_TYPE = YES_ERROR;
				GCC_WARN_UNDECLARED_SELECTOR = YES;
				GCC_WARN_UNINITIALIZED_AUTOS = YES_AGGRESSIVE;
				GCC_WARN_UNUSED_FUNCTION = YES;
				GCC_WARN_UNUSED_VARIABLE = YES;
				IPHONEOS_DEPLOYMENT_TARGET = 16.4;
				MTL_ENABLE_DEBUG_INFO = INCLUDE_SOURCE;
				MTL_FAST_MATH = YES;
				ONLY_ACTIVE_ARCH = YES;
				SDKROOT = iphoneos;
				SWIFT_ACTIVE_COMPILATION_CONDITIONS = DEBUG;
				SWIFT_OPTIMIZATION_LEVEL = "-Onone";
			};
			name = Debug;
		};
		D734BD602F7DF5720018DCB2 /* Release */ = {
			isa = XCBuildConfiguration;
			buildSettings = {
				ALWAYS_SEARCH_USER_PATHS = NO;
				CLANG_ANALYZER_NONNULL = YES;
				CLANG_ANALYZER_NUMBER_OBJECT_CONVERSION = YES_AGGRESSIVE;
				CLANG_CXX_LANGUAGE_STANDARD = "gnu++20";
				CLANG_ENABLE_MODULES = YES;
				CLANG_ENABLE_OBJC_ARC = YES;
				CLANG_ENABLE_OBJC_WEAK = YES;
				CLANG_WARN_BLOCK_CAPTURE_AUTORELEASING = YES;
				CLANG_WARN_BOOL_CONVERSION = YES;
				CLANG_WARN_COMMA = YES;
				CLANG_WARN_CONSTANT_CONVERSION = YES;
				CLANG_WARN_DEPRECATED_OBJC_IMPLEMENTATIONS = YES;
				CLANG_WARN_DIRECT_OBJC_ISA_USAGE = YES_ERROR;
				CLANG_WARN_DOCUMENTATION_COMMENTS = YES;
				CLANG_WARN_EMPTY_BODY = YES;
				CLANG_WARN_ENUM_CONVERSION = YES;
				CLANG_WARN_INFINITE_RECURSION = YES;
				CLANG_WARN_INT_CONVERSION = YES;
				CLANG_WARN_NON_LITERAL_NULL_CONVERSION = YES;
				CLANG_WARN_OBJC_IMPLICIT_RETAIN_SELF = YES;
				CLANG_WARN_OBJC_LITERAL_CONVERSION = YES;
				CLANG_WARN_OBJC_ROOT_CLASS = YES_ERROR;
				CLANG_WARN_QUOTED_INCLUDE_IN_FRAMEWORK_HEADER = YES;
				CLANG_WARN_RANGE_LOOP_ANALYSIS = YES;
				CLANG_WARN_STRICT_PROTOTYPES = YES;
				CLANG_WARN_SUSPICIOUS_MOVE = YES;
				CLANG_WARN_UNGUARDED_AVAILABILITY = YES_AGGRESSIVE;
				CLANG_WARN_UNREACHABLE_CODE = YES;
				CLANG_WARN__DUPLICATE_METHOD_MATCH = YES;
				COPY_PHASE_STRIP = NO;
				DEBUG_INFORMATION_FORMAT = "dwarf-with-dsym";
				ENABLE_NS_ASSERTIONS = NO;
				ENABLE_STRICT_OBJC_MSGSEND = YES;
				GCC_C_LANGUAGE_STANDARD = gnu11;
				GCC_NO_COMMON_BLOCKS = YES;
				GCC_WARN_64_TO_32_BIT_CONVERSION = YES;
				GCC_WARN_ABOUT_RETURN_TYPE = YES_ERROR;
				GCC_WARN_UNDECLARED_SELECTOR = YES;
				GCC_WARN_UNINITIALIZED_AUTOS = YES_AGGRESSIVE;
				GCC_WARN_UNUSED_FUNCTION = YES;
				GCC_WARN_UNUSED_VARIABLE = YES;
				IPHONEOS_DEPLOYMENT_TARGET = 16.4;
				MTL_ENABLE_DEBUG_INFO = NO;
				MTL_FAST_MATH = YES;
				SDKROOT = iphoneos;
				SWIFT_COMPILATION_MODE = wholemodule;
				SWIFT_OPTIMIZATION_LEVEL = "-O";
				VALIDATE_PRODUCT = YES;
			};
			name = Release;
		};
		D734BD622F7DF5720018DCB2 /* Debug */ = {
			isa = XCBuildConfiguration;
			buildSettings = {
				ASSETCATALOG_COMPILER_APPICON_NAME = AppIcon;
				ASSETCATALOG_COMPILER_GLOBAL_ACCENT_COLOR_NAME = AccentColor;
				CODE_SIGN_STYLE = Automatic;
				CURRENT_PROJECT_VERSION = 1;
				DEVELOPMENT_ASSET_PATHS = "\"faw2/Preview Content\"";
				ENABLE_PREVIEWS = YES;
				GENERATE_INFOPLIST_FILE = YES;
				INFOPLIST_KEY_UIApplicationSceneManifest_Generation = YES;
				INFOPLIST_KEY_UIApplicationSupportsIndirectInputEvents = YES;
				INFOPLIST_KEY_UILaunchScreen_Generation = YES;
				INFOPLIST_KEY_UISupportedInterfaceOrientations_iPad = "UIInterfaceOrientationPortrait UIInterfaceOrientationPortraitUpsideDown UIInterfaceOrientationLandscapeLeft UIInterfaceOrientationLandscapeRight";
				INFOPLIST_KEY_UISupportedInterfaceOrientations_iPhone = "UIInterfaceOrientationPortrait UIInterfaceOrientationLandscapeLeft UIInterfaceOrientationLandscapeRight";
				LD_RUNPATH_SEARCH_PATHS = (
					"$(inherited)",
					"@executable_path/Frameworks",
				);
				MARKETING_VERSION = 1.0;
				PRODUCT_BUNDLE_IDENTIFIER = nxu.faw2;
				PRODUCT_NAME = "$(TARGET_NAME)";
				SWIFT_EMIT_LOC_STRINGS = YES;
				SWIFT_VERSION = 5.0;
				TARGETED_DEVICE_FAMILY = "1,2";
			};
			name = Debug;
		};
		D734BD632F7DF5720018DCB2 /* Release */ = {
			isa = XCBuildConfiguration;
			buildSettings = {
				ASSETCATALOG_COMPILER_APPICON_NAME = AppIcon;
				ASSETCATALOG_COMPILER_GLOBAL_ACCENT_COLOR_NAME = AccentColor;
				CODE_SIGN_STYLE = Automatic;
				CURRENT_PROJECT_VERSION = 1;
				DEVELOPMENT_ASSET_PATHS = "\"faw2/Preview Content\"";
				ENABLE_PREVIEWS = YES;
				GENERATE_INFOPLIST_FILE = YES;
				INFOPLIST_KEY_UIApplicationSceneManifest_Generation = YES;
				INFOPLIST_KEY_UIApplicationSupportsIndirectInputEvents = YES;
				INFOPLIST_KEY_UILaunchScreen_Generation = YES;
				INFOPLIST_KEY_UISupportedInterfaceOrientations_iPad = "UIInterfaceOrientationPortrait UIInterfaceOrientationPortraitUpsideDown UIInterfaceOrientationLandscapeLeft UIInterfaceOrientationLandscapeRight";
				INFOPLIST_KEY_UISupportedInterfaceOrientations_iPhone = "UIInterfaceOrientationPortrait UIInterfaceOrientationLandscapeLeft UIInterfaceOrientationLandscapeRight";
				LD_RUNPATH_SEARCH_PATHS = (
					"$(inherited)",
					"@executable_path/Frameworks",
				);
				MARKETING_VERSION = 1.0;
				PRODUCT_BUNDLE_IDENTIFIER = nxu.faw2;
				PRODUCT_NAME = "$(TARGET_NAME)";
				SWIFT_EMIT_LOC_STRINGS = YES;
				SWIFT_VERSION = 5.0;
				TARGETED_DEVICE_FAMILY = "1,2";
			};
			name = Release;
		};
		D734BD652F7DF5720018DCB2 /* Debug */ = {
			isa = XCBuildConfiguration;
			buildSettings = {
				ALWAYS_EMBED_SWIFT_STANDARD_LIBRARIES = YES;
				BUNDLE_LOADER = "$(TEST_HOST)";
				CODE_SIGN_STYLE = Automatic;
				CURRENT_PROJECT_VERSION = 1;
				GENERATE_INFOPLIST_FILE = YES;
				IPHONEOS_DEPLOYMENT_TARGET = 16.4;
				MARKETING_VERSION = 1.0;
				PRODUCT_BUNDLE_IDENTIFIER = nxu.faw2Tests;
				PRODUCT_NAME = "$(TARGET_NAME)";
				SWIFT_EMIT_LOC_STRINGS = NO;
				SWIFT_VERSION = 5.0;
				TARGETED_DEVICE_FAMILY = "1,2";
				TEST_HOST = "$(BUILT_PRODUCTS_DIR)/faw2.app/$(BUNDLE_EXECUTABLE_FOLDER_PATH)/faw2";
			};
			name = Debug;
		};
		D734BD662F7DF5720018DCB2 /* Release */ = {
			isa = XCBuildConfiguration;
			buildSettings = {
				ALWAYS_EMBED_SWIFT_STANDARD_LIBRARIES = YES;
				BUNDLE_LOADER = "$(TEST_HOST)";
				CODE_SIGN_STYLE = Automatic;
				CURRENT_PROJECT_VERSION = 1;
				GENERATE_INFOPLIST_FILE = YES;
				IPHONEOS_DEPLOYMENT_TARGET = 16.4;
				MARKETING_VERSION = 1.0;
				PRODUCT_BUNDLE_IDENTIFIER = nxu.faw2Tests;
				PRODUCT_NAME = "$(TARGET_NAME)";
				SWIFT_EMIT_LOC_STRINGS = NO;
				SWIFT_VERSION = 5.0;
				TARGETED_DEVICE_FAMILY = "1,2";
				TEST_HOST = "$(BUILT_PRODUCTS_DIR)/faw2.app/$(BUNDLE_EXECUTABLE_FOLDER_PATH)/faw2";
			};
			name = Release;
		};
		D734BD682F7DF5720018DCB2 /* Debug */ = {
			isa = XCBuildConfiguration;
			buildSettings = {
				ALWAYS_EMBED_SWIFT_STANDARD_LIBRARIES = YES;
				CODE_SIGN_STYLE = Automatic;
				CURRENT_PROJECT_VERSION = 1;
				GENERATE_INFOPLIST_FILE = YES;
				MARKETING_VERSION = 1.0;
				PRODUCT_BUNDLE_IDENTIFIER = nxu.faw2UITests;
				PRODUCT_NAME = "$(TARGET_NAME)";
				SWIFT_EMIT_LOC_STRINGS = NO;
				SWIFT_VERSION = 5.0;
				TARGETED_DEVICE_FAMILY = "1,2";
				TEST_TARGET_NAME = faw2;
			};
			name = Debug;
		};
		D734BD692F7DF5720018DCB2 /* Release */ = {
			isa = XCBuildConfiguration;
			buildSettings = {
				ALWAYS_EMBED_SWIFT_STANDARD_LIBRARIES = YES;
				CODE_SIGN_STYLE = Automatic;
				CURRENT_PROJECT_VERSION = 1;
				GENERATE_INFOPLIST_FILE = YES;
				MARKETING_VERSION = 1.0;
				PRODUCT_BUNDLE_IDENTIFIER = nxu.faw2UITests;
				PRODUCT_NAME = "$(TARGET_NAME)";
				SWIFT_EMIT_LOC_STRINGS = NO;
				SWIFT_VERSION = 5.0;
				TARGETED_DEVICE_FAMILY = "1,2";
				TEST_TARGET_NAME = faw2;
			};
			name = Release;
		};
/* End XCBuildConfiguration section */

/* Begin XCConfigurationList section */
		D734BD382F7DF5610018DCB2 /* Build configuration list for PBXProject "faw2" */ = {
			isa = XCConfigurationList;
			buildConfigurations = (
				D734BD5F2F7DF5720018DCB2 /* Debug */,
				D734BD602F7DF5720018DCB2 /* Release */,
			);
			defaultConfigurationIsVisible = 0;
			defaultConfigurationName = Release;
		};
		D734BD612F7DF5720018DCB2 /* Build configuration list for PBXNativeTarget "faw2" */ = {
			isa = XCConfigurationList;
			buildConfigurations = (
				D734BD622F7DF5720018DCB2 /* Debug */,
				D734BD632F7DF5720018DCB2 /* Release */,
			);
			defaultConfigurationIsVisible = 0;
			defaultConfigurationName = Release;
		};
		D734BD642F7DF5720018DCB2 /* Build configuration list for PBXNativeTarget "faw2Tests" */ = {
			isa = XCConfigurationList;
			buildConfigurations = (
				D734BD652F7DF5720018DCB2 /* Debug */,
				D734BD662F7DF5720018DCB2 /* Release */,
			);
			defaultConfigurationIsVisible = 0;
			defaultConfigurationName = Release;
		};
		D734BD672F7DF5720018DCB2 /* Build configuration list for PBXNativeTarget "faw2UITests" */ = {
			isa = XCConfigurationList;
			buildConfigurations = (
				D734BD682F7DF5720018DCB2 /* Debug */,
				D734BD692F7DF5720018DCB2 /* Release */,
			);
			defaultConfigurationIsVisible = 0;
			defaultConfigurationName = Release;
		};
/* End XCConfigurationList section */

/* Begin XCRemoteSwiftPackageReference section */
		D75F4B992F8FB91A00B480AA /* XCRemoteSwiftPackageReference "firebase-ios-sdk" */ = {
			isa = XCRemoteSwiftPackageReference;
			repositoryURL = "https://github.com/firebase/firebase-ios-sdk.git";
			requirement = {
				kind = upToNextMajorVersion;
				minimumVersion = 10.0.0;
			};
		};
/* End XCRemoteSwiftPackageReference section */

/* Begin XCSwiftPackageProductDependency section */
		D75F4B9A2F8FB91A00B480AA /* FirebaseFirestore */ = {
			isa = XCSwiftPackageProductDependency;
			package = D75F4B992F8FB91A00B480AA /* XCRemoteSwiftPackageReference "firebase-ios-sdk" */;
			productName = FirebaseFirestore;
		};
/* End XCSwiftPackageProductDependency section */
	};
	rootObject = D734BD352F7DF5610018DCB2 /* Project object */;
}
